// !$*UTF8*$!
{
	archiveVersion = 1;
	classes = {
	};
	objectVersion = 56;
	objects = {

/* Begin PBXBuildFile section */
		F7FDAB4F2C860F9B00B89C96 /* SheetAppApp.swift in Sources */ = {isa = PBXBuildFile; fileRef = F7FDAB4E2C860F9B00B89C96 /* SheetAppApp.swift */; };
		F7FDAB512C860F9B00B89C96 /* ContentView.swift in Sources */ = {isa = PBXBuildFile; fileRef = F7FDAB502C860F9B00B89C96 /* ContentView.swift */; };
		F7FDAB532C860F9C00B89C96 /* Assets.xcassets in Resources */ = {isa = PBXBuildFile; fileRef = F7FDAB522C860F9C00B89C96 /* Assets.xcassets */; };
		F7FDAB562C860F9C00B89C96 /* Preview Assets.xcassets in Resources */ = {isa = PBXBuildFile; fileRef = F7FDAB552C860F9C00B89C96 /* Preview Assets.xcassets */; };
		F7FDAB5E2C86175500B89C96 /* TabBarView.swift in Sources */ = {isa = PBXBuildFile; fileRef = F7FDAB5D2C86175500B89C96 /* TabBarView.swift */; };
		F7FDAB622C86179600B89C96 /* Employee.swift in Sources */ = {isa = PBXBuildFile; fileRef = F7FDAB612C86179600B89C96 /* Employee.swift */; };
		F7FDAB642C8617AE00B89C96 /* Shift.swift in Sources */ = {isa = PBXBuildFile; fileRef = F7FDAB632C8617AE00B89C96 /* Shift.swift */; };
		F7FDAB6B2C86B59200B89C96 /* DateAndWeek.swift in Sources */ = {isa = PBXBuildFile; fileRef = F7FDAB6A2C86B59200B89C96 /* DateAndWeek.swift */; };
		F7FDAB6D2C86B62000B89C96 /* EmployeesName.swift in Sources */ = {isa = PBXBuildFile; fileRef = F7FDAB6C2C86B62000B89C96 /* EmployeesName.swift */; };
		F7FDAB6F2C86B76F00B89C96 /* SheetView.swift in Sources */ = {isa = PBXBuildFile; fileRef = F7FDAB6E2C86B76F00B89C96 /* SheetView.swift */; };
		F7FDAB712C86B86000B89C96 /* EmployeeShiftBlock.swift in Sources */ = {isa = PBXBuildFile; fileRef = F7FDAB702C86B86000B89C96 /* EmployeeShiftBlock.swift */; };
		F7FDAB732C86B91800B89C96 /* EmployeeShiftRow.swift in Sources */ = {isa = PBXBuildFile; fileRef = F7FDAB722C86B91800B89C96 /* EmployeeShiftRow.swift */; };
		F7FDAB782C86C08A00B89C96 /* EditView.swift in Sources */ = {isa = PBXBuildFile; fileRef = F7FDAB772C86C08A00B89C96 /* EditView.swift */; };
		F7FDAB7A2C86CD3300B89C96 /* SelectStartDate.swift in Sources */ = {isa = PBXBuildFile; fileRef = F7FDAB792C86CD3300B89C96 /* SelectStartDate.swift */; };
		F7FDAB7C2C86CE6E00B89C96 /* SelectEmployee.swift in Sources */ = {isa = PBXBuildFile; fileRef = F7FDAB7B2C86CE6E00B89C96 /* SelectEmployee.swift */; };
		F7FDAB7E2C86CF3100B89C96 /* WeekView.swift in Sources */ = {isa = PBXBuildFile; fileRef = F7FDAB7D2C86CF3100B89C96 /* WeekView.swift */; };
		F7FDAB822C86D17400B89C96 /* WeekViewSelector.swift in Sources */ = {isa = PBXBuildFile; fileRef = F7FDAB812C86D17400B89C96 /* WeekViewSelector.swift */; };
		F7FDAB842C86DC3F00B89C96 /* ShiftDetailView.swift in Sources */ = {isa = PBXBuildFile; fileRef = F7FDAB832C86DC3F00B89C96 /* ShiftDetailView.swift */; };
		F7FDAB862C87343000B89C96 /* SelecterDate.swift in Sources */ = {isa = PBXBuildFile; fileRef = F7FDAB852C87343000B89C96 /* SelecterDate.swift */; };
		F7FDAB882C87363100B89C96 /* TimeTextField.swift in Sources */ = {isa = PBXBuildFile; fileRef = F7FDAB872C87363100B89C96 /* TimeTextField.swift */; };
		F7FDAB8A2C8AE5FA00B89C96 /* WeekViewBackground.swift in Sources */ = {isa = PBXBuildFile; fileRef = F7FDAB892C8AE5FA00B89C96 /* WeekViewBackground.swift */; };
/* End PBXBuildFile section */

/* Begin PBXFileReference section */
		F7FDAB4B2C860F9B00B89C96 /* SheetApp.app */ = {isa = PBXFileReference; explicitFileType = wrapper.application; includeInIndex = 0; path = SheetApp.app; sourceTree = BUILT_PRODUCTS_DIR; };
		F7FDAB4E2C860F9B00B89C96 /* SheetAppApp.swift */ = {isa = PBXFileReference; lastKnownFileType = sourcecode.swift; path = SheetAppApp.swift; sourceTree = "<group>"; };
		F7FDAB502C860F9B00B89C96 /* ContentView.swift */ = {isa = PBXFileReference; lastKnownFileType = sourcecode.swift; path = ContentView.swift; sourceTree = "<group>"; };
		F7FDAB522C860F9C00B89C96 /* Assets.xcassets */ = {isa = PBXFileReference; lastKnownFileType = folder.assetcatalog; path = Assets.xcassets; sourceTree = "<group>"; };
		F7FDAB552C860F9C00B89C96 /* Preview Assets.xcassets */ = {isa = PBXFileReference; lastKnownFileType = folder.assetcatalog; path = "Preview Assets.xcassets"; sourceTree = "<group>"; };
		F7FDAB5D2C86175500B89C96 /* TabBarView.swift */ = {isa = PBXFileReference; lastKnownFileType = sourcecode.swift; path = TabBarView.swift; sourceTree = "<group>"; };
		F7FDAB612C86179600B89C96 /* Employee.swift */ = {isa = PBXFileReference; lastKnownFileType = sourcecode.swift; path = Employee.swift; sourceTree = "<group>"; };
		F7FDAB632C8617AE00B89C96 /* Shift.swift */ = {isa = PBXFileReference; lastKnownFileType = sourcecode.swift; path = Shift.swift; sourceTree = "<group>"; };
		F7FDAB6A2C86B59200B89C96 /* DateAndWeek.swift */ = {isa = PBXFileReference; lastKnownFileType = sourcecode.swift; path = DateAndWeek.swift; sourceTree = "<group>"; };
		F7FDAB6C2C86B62000B89C96 /* EmployeesName.swift */ = {isa = PBXFileReference; lastKnownFileType = sourcecode.swift; path = EmployeesName.swift; sourceTree = "<group>"; };
		F7FDAB6E2C86B76F00B89C96 /* SheetView.swift */ = {isa = PBXFileReference; lastKnownFileType = sourcecode.swift; path = SheetView.swift; sourceTree = "<group>"; };
		F7FDAB702C86B86000B89C96 /* EmployeeShiftBlock.swift */ = {isa = PBXFileReference; lastKnownFileType = sourcecode.swift; path = EmployeeShiftBlock.swift; sourceTree = "<group>"; };
		F7FDAB722C86B91800B89C96 /* EmployeeShiftRow.swift */ = {isa = PBXFileReference; lastKnownFileType = sourcecode.swift; path = EmployeeShiftRow.swift; sourceTree = "<group>"; };
		F7FDAB772C86C08A00B89C96 /* EditView.swift */ = {isa = PBXFileReference; lastKnownFileType = sourcecode.swift; path = EditView.swift; sourceTree = "<group>"; };
		F7FDAB792C86CD3300B89C96 /* SelectStartDate.swift */ = {isa = PBXFileReference; lastKnownFileType = sourcecode.swift; path = SelectStartDate.swift; sourceTree = "<group>"; };
		F7FDAB7B2C86CE6E00B89C96 /* SelectEmployee.swift */ = {isa = PBXFileReference; lastKnownFileType = sourcecode.swift; path = SelectEmployee.swift; sourceTree = "<group>"; };
		F7FDAB7D2C86CF3100B89C96 /* WeekView.swift */ = {isa = PBXFileReference; lastKnownFileType = sourcecode.swift; path = WeekView.swift; sourceTree = "<group>"; };
		F7FDAB812C86D17400B89C96 /* WeekViewSelector.swift */ = {isa = PBXFileReference; lastKnownFileType = sourcecode.swift; path = WeekViewSelector.swift; sourceTree = "<group>"; };
		F7FDAB832C86DC3F00B89C96 /* ShiftDetailView.swift */ = {isa = PBXFileReference; lastKnownFileType = sourcecode.swift; path = ShiftDetailView.swift; sourceTree = "<group>"; };
		F7FDAB852C87343000B89C96 /* SelecterDate.swift */ = {isa = PBXFileReference; lastKnownFileType = sourcecode.swift; path = SelecterDate.swift; sourceTree = "<group>"; };
		F7FDAB872C87363100B89C96 /* TimeTextField.swift */ = {isa = PBXFileReference; lastKnownFileType = sourcecode.swift; path = TimeTextField.swift; sourceTree = "<group>"; };
		F7FDAB892C8AE5FA00B89C96 /* WeekViewBackground.swift */ = {isa = PBXFileReference; lastKnownFileType = sourcecode.swift; path = WeekViewBackground.swift; sourceTree = "<group>"; };
/* End PBXFileReference section */

/* Begin PBXFrameworksBuildPhase section */
		F7FDAB482C860F9B00B89C96 /* Frameworks */ = {
			isa = PBXFrameworksBuildPhase;
			buildActionMask = 2147483647;
			files = (
			);
			runOnlyForDeploymentPostprocessing = 0;
		};
/* End PBXFrameworksBuildPhase section */

/* Begin PBXGroup section */
		F7FDAB422C860F9B00B89C96 = {
			isa = PBXGroup;
			children = (
				F7FDAB4D2C860F9B00B89C96 /* SheetApp */,
				F7FDAB4C2C860F9B00B89C96 /* Products */,
			);
			sourceTree = "<group>";
		};
		F7FDAB4C2C860F9B00B89C96 /* Products */ = {
			isa = PBXGroup;
			children = (
				F7FDAB4B2C860F9B00B89C96 /* SheetApp.app */,
			);
			name = Products;
			sourceTree = "<group>";
		};
		F7FDAB4D2C860F9B00B89C96 /* SheetApp */ = {
			isa = PBXGroup;
			children = (
				F7FDAB4E2C860F9B00B89C96 /* SheetAppApp.swift */,
				F7FDAB502C860F9B00B89C96 /* ContentView.swift */,
				F7FDAB5F2C86177400B89C96 /* Model */,
				F7FDAB692C86B55C00B89C96 /* Component */,
				F7FDAB5C2C86174100B89C96 /* View */,
				F7FDAB522C860F9C00B89C96 /* Assets.xcassets */,
				F7FDAB542C860F9C00B89C96 /* Preview Content */,
			);
			path = SheetApp;
			sourceTree = "<group>";
		};
		F7FDAB542C860F9C00B89C96 /* Preview Content */ = {
			isa = PBXGroup;
			children = (
				F7FDAB552C860F9C00B89C96 /* Preview Assets.xcassets */,
			);
			path = "Preview Content";
			sourceTree = "<group>";
		};
		F7FDAB5C2C86174100B89C96 /* View */ = {
			isa = PBXGroup;
			children = (
				F7FDAB5D2C86175500B89C96 /* TabBarView.swift */,
				F7FDAB742C86C02400B89C96 /* SheetView */,
				F7FDAB762C86C06800B89C96 /* EditView */,
			);
			path = View;
			sourceTree = "<group>";
		};
		F7FDAB5F2C86177400B89C96 /* Model */ = {
			isa = PBXGroup;
			children = (
				F7FDAB612C86179600B89C96 /* Employee.swift */,
				F7FDAB632C8617AE00B89C96 /* Shift.swift */,
			);
			path = Model;
			sourceTree = "<group>";
		};
		F7FDAB692C86B55C00B89C96 /* Component */ = {
			isa = PBXGroup;
			children = (
				F7FDAB6A2C86B59200B89C96 /* DateAndWeek.swift */,
				F7FDAB6C2C86B62000B89C96 /* EmployeesName.swift */,
				F7FDAB702C86B86000B89C96 /* EmployeeShiftBlock.swift */,
				F7FDAB792C86CD3300B89C96 /* SelectStartDate.swift */,
				F7FDAB7B2C86CE6E00B89C96 /* SelectEmployee.swift */,
				F7FDAB812C86D17400B89C96 /* WeekViewSelector.swift */,
				F7FDAB852C87343000B89C96 /* SelecterDate.swift */,
				F7FDAB872C87363100B89C96 /* TimeTextField.swift */,
				F7FDAB892C8AE5FA00B89C96 /* WeekViewBackground.swift */,
			);
			path = Component;
			sourceTree = "<group>";
		};
		F7FDAB742C86C02400B89C96 /* SheetView */ = {
			isa = PBXGroup;
			children = (
				F7FDAB6E2C86B76F00B89C96 /* SheetView.swift */,
				F7FDAB722C86B91800B89C96 /* EmployeeShiftRow.swift */,
			);
			path = SheetView;
			sourceTree = "<group>";
		};
		F7FDAB762C86C06800B89C96 /* EditView */ = {
			isa = PBXGroup;
			children = (
				F7FDAB772C86C08A00B89C96 /* EditView.swift */,
				F7FDAB7D2C86CF3100B89C96 /* WeekView.swift */,
				F7FDAB832C86DC3F00B89C96 /* ShiftDetailView.swift */,
			);
			path = EditView;
			sourceTree = "<group>";
		};
/* End PBXGroup section */

/* Begin PBXNativeTarget section */
		F7FDAB4A2C860F9B00B89C96 /* SheetApp */ = {
			isa = PBXNativeTarget;
			buildConfigurationList = F7FDAB592C860F9C00B89C96 /* Build configuration list for PBXNativeTarget "SheetApp" */;
			buildPhases = (
				F7FDAB472C860F9B00B89C96 /* Sources */,
				F7FDAB482C860F9B00B89C96 /* Frameworks */,
				F7FDAB492C860F9B00B89C96 /* Resources */,
			);
			buildRules = (
			);
			dependencies = (
			);
			name = SheetApp;
			productName = SheetApp;
			productReference = F7FDAB4B2C860F9B00B89C96 /* SheetApp.app */;
			productType = "com.apple.product-type.application";
		};
/* End PBXNativeTarget section */

/* Begin PBXProject section */
		F7FDAB432C860F9B00B89C96 /* Project object */ = {
			isa = PBXProject;
			attributes = {
				BuildIndependentTargetsInParallel = 1;
				LastSwiftUpdateCheck = 1540;
				LastUpgradeCheck = 1540;
				TargetAttributes = {
					F7FDAB4A2C860F9B00B89C96 = {
						CreatedOnToolsVersion = 15.4;
					};
				};
			};
			buildConfigurationList = F7FDAB462C860F9B00B89C96 /* Build configuration list for PBXProject "SheetApp" */;
			compatibilityVersion = "Xcode 14.0";
			developmentRegion = en;
			hasScannedForEncodings = 0;
			knownRegions = (
				en,
				Base,
			);
			mainGroup = F7FDAB422C860F9B00B89C96;
			productRefGroup = F7FDAB4C2C860F9B00B89C96 /* Products */;
			projectDirPath = "";
			projectRoot = "";
			targets = (
				F7FDAB4A2C860F9B00B89C96 /* SheetApp */,
			);
		};
/* End PBXProject section */

/* Begin PBXResourcesBuildPhase section */
		F7FDAB492C860F9B00B89C96 /* Resources */ = {
			isa = PBXResourcesBuildPhase;
			buildActionMask = 2147483647;
			files = (
				F7FDAB562C860F9C00B89C96 /* Preview Assets.xcassets in Resources */,
				F7FDAB532C860F9C00B89C96 /* Assets.xcassets in Resources */,
			);
			runOnlyForDeploymentPostprocessing = 0;
		};
/* End PBXResourcesBuildPhase section */

/* Begin PBXSourcesBuildPhase section */
		F7FDAB472C860F9B00B89C96 /* Sources */ = {
			isa = PBXSourcesBuildPhase;
			buildActionMask = 2147483647;
			files = (
				F7FDAB8A2C8AE5FA00B89C96 /* WeekViewBackground.swift in Sources */,
				F7FDAB6D2C86B62000B89C96 /* EmployeesName.swift in Sources */,
				F7FDAB512C860F9B00B89C96 /* ContentView.swift in Sources */,
				F7FDAB782C86C08A00B89C96 /* EditView.swift in Sources */,
				F7FDAB712C86B86000B89C96 /* EmployeeShiftBlock.swift in Sources */,
				F7FDAB7A2C86CD3300B89C96 /* SelectStartDate.swift in Sources */,
				F7FDAB7C2C86CE6E00B89C96 /* SelectEmployee.swift in Sources */,
				F7FDAB862C87343000B89C96 /* SelecterDate.swift in Sources */,
				F7FDAB622C86179600B89C96 /* Employee.swift in Sources */,
				F7FDAB5E2C86175500B89C96 /* TabBarView.swift in Sources */,
				F7FDAB732C86B91800B89C96 /* EmployeeShiftRow.swift in Sources */,
				F7FDAB4F2C860F9B00B89C96 /* SheetAppApp.swift in Sources */,
				F7FDAB7E2C86CF3100B89C96 /* WeekView.swift in Sources */,
				F7FDAB822C86D17400B89C96 /* WeekViewSelector.swift in Sources */,
				F7FDAB842C86DC3F00B89C96 /* ShiftDetailView.swift in Sources */,
				F7FDAB882C87363100B89C96 /* TimeTextField.swift in Sources */,
				F7FDAB642C8617AE00B89C96 /* Shift.swift in Sources */,
				F7FDAB6F2C86B76F00B89C96 /* SheetView.swift in Sources */,
				F7FDAB6B2C86B59200B89C96 /* DateAndWeek.swift in Sources */,
			);
			runOnlyForDeploymentPostprocessing = 0;
		};
/* End PBXSourcesBuildPhase section */

/* Begin XCBuildConfiguration section */
		F7FDAB572C860F9C00B89C96 /* Debug */ = {
			isa = XCBuildConfiguration;
			buildSettings = {
				ALWAYS_SEARCH_USER_PATHS = NO;
				ASSETCATALOG_COMPILER_GENERATE_SWIFT_ASSET_SYMBOL_EXTENSIONS = YES;
				CLANG_ANALYZER_NONNULL = YES;
				CLANG_ANALYZER_NUMBER_OBJECT_CONVERSION = YES_AGGRESSIVE;
				CLANG_CXX_LANGUAGE_STANDARD = "gnu++20";
				CLANG_ENABLE_MODULES = YES;
				CLANG_ENABLE_OBJC_ARC = YES;
				CLANG_ENABLE_OBJC_WEAK = YES;
				CLANG_WARN_BLOCK_CAPTURE_AUTORELEASING = YES;
				CLANG_WARN_BOOL_CONVERSION = YES;
				CLANG_WARN_COMMA = YES;
				CLANG_WARN_CONSTANT_CONVERSION = YES;
				CLANG_WARN_DEPRECATED_OBJC_IMPLEMENTATIONS = YES;
				CLANG_WARN_DIRECT_OBJC_ISA_USAGE = YES_ERROR;
				CLANG_WARN_DOCUMENTATION_COMMENTS = YES;
				CLANG_WARN_EMPTY_BODY = YES;
				CLANG_WARN_ENUM_CONVERSION = YES;
				CLANG_WARN_INFINITE_RECURSION = YES;
				CLANG_WARN_INT_CONVERSION = YES;
				CLANG_WARN_NON_LITERAL_NULL_CONVERSION = YES;
				CLANG_WARN_OBJC_IMPLICIT_RETAIN_SELF = YES;
				CLANG_WARN_OBJC_LITERAL_CONVERSION = YES;
				CLANG_WARN_OBJC_ROOT_CLASS = YES_ERROR;
				CLANG_WARN_QUOTED_INCLUDE_IN_FRAMEWORK_HEADER = YES;
				CLANG_WARN_RANGE_LOOP_ANALYSIS = YES;
				CLANG_WARN_STRICT_PROTOTYPES = YES;
				CLANG_WARN_SUSPICIOUS_MOVE = YES;
				CLANG_WARN_UNGUARDED_AVAILABILITY = YES_AGGRESSIVE;
				CLANG_WARN_UNREACHABLE_CODE = YES;
				CLANG_WARN__DUPLICATE_METHOD_MATCH = YES;
				COPY_PHASE_STRIP = NO;
				DEBUG_INFORMATION_FORMAT = dwarf;
				ENABLE_STRICT_OBJC_MSGSEND = YES;
				ENABLE_TESTABILITY = YES;
				ENABLE_USER_SCRIPT_SANDBOXING = YES;
				GCC_C_LANGUAGE_STANDARD = gnu17;
				GCC_DYNAMIC_NO_PIC = NO;
				GCC_NO_COMMON_BLOCKS = YES;
				GCC_OPTIMIZATION_LEVEL = 0;
				GCC_PREPROCESSOR_DEFINITIONS = (
					"DEBUG=1",
					"$(inherited)",
				);
				GCC_WARN_64_TO_32_BIT_CONVERSION = YES;
				GCC_WARN_ABOUT_RETURN_TYPE = YES_ERROR;
				GCC_WARN_UNDECLARED_SELECTOR = YES;
				GCC_WARN_UNINITIALIZED_AUTOS = YES_AGGRESSIVE;
				GCC_WARN_UNUSED_FUNCTION = YES;
				GCC_WARN_UNUSED_VARIABLE = YES;
				IPHONEOS_DEPLOYMENT_TARGET = 17.5;
				LOCALIZATION_PREFERS_STRING_CATALOGS = YES;
				MTL_ENABLE_DEBUG_INFO = INCLUDE_SOURCE;
				MTL_FAST_MATH = YES;
				ONLY_ACTIVE_ARCH = YES;
				SDKROOT = iphoneos;
				SWIFT_ACTIVE_COMPILATION_CONDITIONS = "DEBUG $(inherited)";
				SWIFT_OPTIMIZATION_LEVEL = "-Onone";
			};
			name = Debug;
		};
		F7FDAB582C860F9C00B89C96 /* Release */ = {
			isa = XCBuildConfiguration;
			buildSettings = {
				ALWAYS_SEARCH_USER_PATHS = NO;
				ASSETCATALOG_COMPILER_GENERATE_SWIFT_ASSET_SYMBOL_EXTENSIONS = YES;
				CLANG_ANALYZER_NONNULL = YES;
				CLANG_ANALYZER_NUMBER_OBJECT_CONVERSION = YES_AGGRESSIVE;
				CLANG_CXX_LANGUAGE_STANDARD = "gnu++20";
				CLANG_ENABLE_MODULES = YES;
				CLANG_ENABLE_OBJC_ARC = YES;
				CLANG_ENABLE_OBJC_WEAK = YES;
				CLANG_WARN_BLOCK_CAPTURE_AUTORELEASING = YES;
				CLANG_WARN_BOOL_CONVERSION = YES;
				CLANG_WARN_COMMA = YES;
				CLANG_WARN_CONSTANT_CONVERSION = YES;
				CLANG_WARN_DEPRECATED_OBJC_IMPLEMENTATIONS = YES;
				CLANG_WARN_DIRECT_OBJC_ISA_USAGE = YES_ERROR;
				CLANG_WARN_DOCUMENTATION_COMMENTS = YES;
				CLANG_WARN_EMPTY_BODY = YES;
				CLANG_WARN_ENUM_CONVERSION = YES;
				CLANG_WARN_INFINITE_RECURSION = YES;
				CLANG_WARN_INT_CONVERSION = YES;
				CLANG_WARN_NON_LITERAL_NULL_CONVERSION = YES;
				CLANG_WARN_OBJC_IMPLICIT_RETAIN_SELF = YES;
				CLANG_WARN_OBJC_LITERAL_CONVERSION = YES;
				CLANG_WARN_OBJC_ROOT_CLASS = YES_ERROR;
				CLANG_WARN_QUOTED_INCLUDE_IN_FRAMEWORK_HEADER = YES;
				CLANG_WARN_RANGE_LOOP_ANALYSIS = YES;
				CLANG_WARN_STRICT_PROTOTYPES = YES;
				CLANG_WARN_SUSPICIOUS_MOVE = YES;
				CLANG_WARN_UNGUARDED_AVAILABILITY = YES_AGGRESSIVE;
				CLANG_WARN_UNREACHABLE_CODE = YES;
				CLANG_WARN__DUPLICATE_METHOD_MATCH = YES;
				COPY_PHASE_STRIP = NO;
				DEBUG_INFORMATION_FORMAT = "dwarf-with-dsym";
				ENABLE_NS_ASSERTIONS = NO;
				ENABLE_STRICT_OBJC_MSGSEND = YES;
				ENABLE_USER_SCRIPT_SANDBOXING = YES;
				GCC_C_LANGUAGE_STANDARD = gnu17;
				GCC_NO_COMMON_BLOCKS = YES;
				GCC_WARN_64_TO_32_BIT_CONVERSION = YES;
				GCC_WARN_ABOUT_RETURN_TYPE = YES_ERROR;
				GCC_WARN_UNDECLARED_SELECTOR = YES;
				GCC_WARN_UNINITIALIZED_AUTOS = YES_AGGRESSIVE;
				GCC_WARN_UNUSED_FUNCTION = YES;
				GCC_WARN_UNUSED_VARIABLE = YES;
				IPHONEOS_DEPLOYMENT_TARGET = 17.5;
				LOCALIZATION_PREFERS_STRING_CATALOGS = YES;
				MTL_ENABLE_DEBUG_INFO = NO;
				MTL_FAST_MATH = YES;
				SDKROOT = iphoneos;
				SWIFT_COMPILATION_MODE = wholemodule;
				VALIDATE_PRODUCT = YES;
			};
			name = Release;
		};
		F7FDAB5A2C860F9C00B89C96 /* Debug */ = {
			isa = XCBuildConfiguration;
			buildSettings = {
				ASSETCATALOG_COMPILER_APPICON_NAME = AppIcon;
				ASSETCATALOG_COMPILER_GLOBAL_ACCENT_COLOR_NAME = AccentColor;
				CODE_SIGN_STYLE = Automatic;
				CURRENT_PROJECT_VERSION = 1;
				DEVELOPMENT_ASSET_PATHS = "\"SheetApp/Preview Content\"";
				DEVELOPMENT_TEAM = 3WMZ8937S4;
				ENABLE_PREVIEWS = YES;
				GENERATE_INFOPLIST_FILE = YES;
				INFOPLIST_KEY_UIApplicationSceneManifest_Generation = YES;
				INFOPLIST_KEY_UIApplicationSupportsIndirectInputEvents = YES;
				INFOPLIST_KEY_UILaunchScreen_Generation = YES;
				INFOPLIST_KEY_UISupportedInterfaceOrientations_iPad = "UIInterfaceOrientationPortrait UIInterfaceOrientationPortraitUpsideDown UIInterfaceOrientationLandscapeLeft UIInterfaceOrientationLandscapeRight";
				INFOPLIST_KEY_UISupportedInterfaceOrientations_iPhone = "UIInterfaceOrientationPortrait UIInterfaceOrientationLandscapeLeft UIInterfaceOrientationLandscapeRight";
				LD_RUNPATH_SEARCH_PATHS = (
					"$(inherited)",
					"@executable_path/Frameworks",
				);
				MARKETING_VERSION = 1.0;
				PRODUCT_BUNDLE_IDENTIFIER = Ruxiu0409.SheetApp;
				PRODUCT_NAME = "$(TARGET_NAME)";
				SWIFT_EMIT_LOC_STRINGS = YES;
				SWIFT_VERSION = 5.0;
				TARGETED_DEVICE_FAMILY = "1,2";
			};
			name = Debug;
		};
		F7FDAB5B2C860F9C00B89C96 /* Release */ = {
			isa = XCBuildConfiguration;
			buildSettings = {
				ASSETCATALOG_COMPILER_APPICON_NAME = AppIcon;
				ASSETCATALOG_COMPILER_GLOBAL_ACCENT_COLOR_NAME = AccentColor;
				CODE_SIGN_STYLE = Automatic;
				CURRENT_PROJECT_VERSION = 1;
				DEVELOPMENT_ASSET_PATHS = "\"SheetApp/Preview Content\"";
				DEVELOPMENT_TEAM = 3WMZ8937S4;
				ENABLE_PREVIEWS = YES;
				GENERATE_INFOPLIST_FILE = YES;
				INFOPLIST_KEY_UIApplicationSceneManifest_Generation = YES;
				INFOPLIST_KEY_UIApplicationSupportsIndirectInputEvents = YES;
				INFOPLIST_KEY_UILaunchScreen_Generation = YES;
				INFOPLIST_KEY_UISupportedInterfaceOrientations_iPad = "UIInterfaceOrientationPortrait UIInterfaceOrientationPortraitUpsideDown UIInterfaceOrientationLandscapeLeft UIInterfaceOrientationLandscapeRight";
				INFOPLIST_KEY_UISupportedInterfaceOrientations_iPhone = "UIInterfaceOrientationPortrait UIInterfaceOrientationLandscapeLeft UIInterfaceOrientationLandscapeRight";
				LD_RUNPATH_SEARCH_PATHS = (
					"$(inherited)",
					"@executable_path/Frameworks",
				);
				MARKETING_VERSION = 1.0;
				PRODUCT_BUNDLE_IDENTIFIER = Ruxiu0409.SheetApp;
				PRODUCT_NAME = "$(TARGET_NAME)";
				SWIFT_EMIT_LOC_STRINGS = YES;
				SWIFT_VERSION = 5.0;
				TARGETED_DEVICE_FAMILY = "1,2";
			};
			name = Release;
		};
/* End XCBuildConfiguration section */

/* Begin XCConfigurationList section */
		F7FDAB462C860F9B00B89C96 /* Build configuration list for PBXProject "SheetApp" */ = {
			isa = XCConfigurationList;
			buildConfigurations = (
				F7FDAB572C860F9C00B89C96 /* Debug */,
				F7FDAB582C860F9C00B89C96 /* Release */,
			);
			defaultConfigurationIsVisible = 0;
			defaultConfigurationName = Release;
		};
		F7FDAB592C860F9C00B89C96 /* Build configuration list for PBXNativeTarget "SheetApp" */ = {
			isa = XCConfigurationList;
			buildConfigurations = (
				F7FDAB5A2C860F9C00B89C96 /* Debug */,
				F7FDAB5B2C860F9C00B89C96 /* Release */,
			);
			defaultConfigurationIsVisible = 0;
			defaultConfigurationName = Release;
		};
/* End XCConfigurationList section */
	};
	rootObject = F7FDAB432C860F9B00B89C96 /* Project object */;
}
